
Microsoft Visual Studio Solution File, Format Version 12.00
# Visual Studio 14
VisualStudioVersion = 14.0.23107.0
MinimumVisualStudioVersion = 10.0.40219.1
Project("{FAE04EC0-301F-11D3-BF4B-00C04F79EFBC}") = "Example", "Example\Example.csproj", "{F39ADCE7-63B5-406D-9BE8-C407920B6B8F}"
EndProject
Project("{2150E333-8FDC-42A3-9474-1A3956D46DE8}") = ".nuget", ".nuget", "{DAC6CBA4-41D4-490D-B9BE-A8E3AB2E8A96}"
	ProjectSection(SolutionItems) = preProject
		.nuget\NuGet.exe = .nuget\NuGet.exe
		.nuget\NuGet.targets = .nuget\NuGet.targets
	EndProjectSection
EndProject
Project("{FAE04EC0-301F-11D3-BF4B-00C04F79EFBC}") = "SendGrid", "SendGrid\SendGrid.csproj", "{1C318867-440B-4EB9-99E3-C0CC2C556962}"
EndProject
Project("{FAE04EC0-301F-11D3-BF4B-00C04F79EFBC}") = "UnitTests", "UnitTest\UnitTests.csproj", "{8A66032B-0D1C-4F24-B0E3-A250F31D09D8}"
EndProject
Global
	GlobalSection(SolutionConfigurationPlatforms) = preSolution
		BuildNet45|Any CPU = BuildNet45|Any CPU
		BuildNet45|Mixed Platforms = BuildNet45|Mixed Platforms
		BuildNet45|x86 = BuildNet45|x86
		Debug|Any CPU = Debug|Any CPU
		Debug|Mixed Platforms = Debug|Mixed Platforms
		Debug|x86 = Debug|x86
		Release|Any CPU = Release|Any CPU
		Release|Mixed Platforms = Release|Mixed Platforms
		Release|x86 = Release|x86
	EndGlobalSection
	GlobalSection(ProjectConfigurationPlatforms) = postSolution
		{F39ADCE7-63B5-406D-9BE8-C407920B6B8F}.BuildNet45|Any CPU.ActiveCfg = BuildNet45|Any CPU
		{F39ADCE7-63B5-406D-9BE8-C407920B6B8F}.BuildNet45|Mixed Platforms.ActiveCfg = Release|Any CPU
		{F39ADCE7-63B5-406D-9BE8-C407920B6B8F}.BuildNet45|x86.ActiveCfg = BuildNet45|Any CPU
		{F39ADCE7-63B5-406D-9BE8-C407920B6B8F}.Debug|Any CPU.ActiveCfg = Debug|Any CPU
		{F39ADCE7-63B5-406D-9BE8-C407920B6B8F}.Debug|Mixed Platforms.ActiveCfg = Release|Any CPU
		{F39ADCE7-63B5-406D-9BE8-C407920B6B8F}.Debug|x86.ActiveCfg = Debug|Any CPU
		{F39ADCE7-63B5-406D-9BE8-C407920B6B8F}.Release|Any CPU.ActiveCfg = Release|Any CPU
		{F39ADCE7-63B5-406D-9BE8-C407920B6B8F}.Release|Mixed Platforms.ActiveCfg = Release|Any CPU
		{F39ADCE7-63B5-406D-9BE8-C407920B6B8F}.Release|x86.ActiveCfg = Release|Any CPU
		{1C318867-440B-4EB9-99E3-C0CC2C556962}.BuildNet45|Any CPU.ActiveCfg = Release|Any CPU
		{1C318867-440B-4EB9-99E3-C0CC2C556962}.BuildNet45|Any CPU.Build.0 = Release|Any CPU
		{1C318867-440B-4EB9-99E3-C0CC2C556962}.BuildNet45|Mixed Platforms.ActiveCfg = Release|Any CPU
		{1C318867-440B-4EB9-99E3-C0CC2C556962}.BuildNet45|Mixed Platforms.Build.0 = Release|Any CPU
		{1C318867-440B-4EB9-99E3-C0CC2C556962}.BuildNet45|x86.ActiveCfg = Release|Any CPU
		{1C318867-440B-4EB9-99E3-C0CC2C556962}.BuildNet45|x86.Build.0 = Release|Any CPU
		{1C318867-440B-4EB9-99E3-C0CC2C556962}.Debug|Any CPU.ActiveCfg = Debug|Any CPU
		{1C318867-440B-4EB9-99E3-C0CC2C556962}.Debug|Any CPU.Build.0 = Debug|Any CPU
		{1C318867-440B-4EB9-99E3-C0CC2C556962}.Debug|Mixed Platforms.ActiveCfg = Release|Any CPU
		{1C318867-440B-4EB9-99E3-C0CC2C556962}.Debug|Mixed Platforms.Build.0 = Release|Any CPU
		{1C318867-440B-4EB9-99E3-C0CC2C556962}.Debug|x86.ActiveCfg = Debug|Any CPU
		{1C318867-440B-4EB9-99E3-C0CC2C556962}.Debug|x86.Build.0 = Debug|Any CPU
		{1C318867-440B-4EB9-99E3-C0CC2C556962}.Release|Any CPU.ActiveCfg = Release|Any CPU
		{1C318867-440B-4EB9-99E3-C0CC2C556962}.Release|Any CPU.Build.0 = Release|Any CPU
		{1C318867-440B-4EB9-99E3-C0CC2C556962}.Release|Mixed Platforms.ActiveCfg = Release|Any CPU
		{1C318867-440B-4EB9-99E3-C0CC2C556962}.Release|Mixed Platforms.Build.0 = Release|Any CPU
		{1C318867-440B-4EB9-99E3-C0CC2C556962}.Release|x86.ActiveCfg = Release|Any CPU
		{1C318867-440B-4EB9-99E3-C0CC2C556962}.Release|x86.Build.0 = Release|Any CPU
		{8A66032B-0D1C-4F24-B0E3-A250F31D09D8}.BuildNet45|Any CPU.ActiveCfg = Release|Any CPU
		{8A66032B-0D1C-4F24-B0E3-A250F31D09D8}.BuildNet45|Any CPU.Build.0 = Release|Any CPU
		{8A66032B-0D1C-4F24-B0E3-A250F31D09D8}.BuildNet45|Mixed Platforms.ActiveCfg = Release|Any CPU
		{8A66032B-0D1C-4F24-B0E3-A250F31D09D8}.BuildNet45|Mixed Platforms.Build.0 = Release|Any CPU
		{8A66032B-0D1C-4F24-B0E3-A250F31D09D8}.BuildNet45|x86.ActiveCfg = Release|Any CPU
		{8A66032B-0D1C-4F24-B0E3-A250F31D09D8}.BuildNet45|x86.Build.0 = Release|Any CPU
		{8A66032B-0D1C-4F24-B0E3-A250F31D09D8}.Debug|Any CPU.ActiveCfg = Debug|Any CPU
		{8A66032B-0D1C-4F24-B0E3-A250F31D09D8}.Debug|Any CPU.Build.0 = Debug|Any CPU
		{8A66032B-0D1C-4F24-B0E3-A250F31D09D8}.Debug|Mixed Platforms.ActiveCfg = Release|Any CPU
		{8A66032B-0D1C-4F24-B0E3-A250F31D09D8}.Debug|Mixed Platforms.Build.0 = Release|Any CPU
		{8A66032B-0D1C-4F24-B0E3-A250F31D09D8}.Debug|x86.ActiveCfg = Debug|Any CPU
		{8A66032B-0D1C-4F24-B0E3-A250F31D09D8}.Debug|x86.Build.0 = Debug|Any CPU
		{8A66032B-0D1C-4F24-B0E3-A250F31D09D8}.Release|Any CPU.ActiveCfg = Release|Any CPU
		{8A66032B-0D1C-4F24-B0E3-A250F31D09D8}.Release|Any CPU.Build.0 = Release|Any CPU
		{8A66032B-0D1C-4F24-B0E3-A250F31D09D8}.Release|Mixed Platforms.ActiveCfg = Release|Any CPU
		{8A66032B-0D1C-4F24-B0E3-A250F31D09D8}.Release|Mixed Platforms.Build.0 = Release|Any CPU
		{8A66032B-0D1C-4F24-B0E3-A250F31D09D8}.Release|x86.ActiveCfg = Release|Any CPU
		{8A66032B-0D1C-4F24-B0E3-A250F31D09D8}.Release|x86.Build.0 = Release|Any CPU
	EndGlobalSection
	GlobalSection(SolutionProperties) = preSolution
		HideSolutionNode = FALSE
	EndGlobalSection
	GlobalSection(MonoDevelopProperties) = preSolution
		StartupItem = Tests\Tests.csproj
	EndGlobalSection
EndGlobal
