
Microsoft Visual Studio Solution File, Format Version 12.00
# Visual Studio Version 16
VisualStudioVersion = 16.0.29519.87
MinimumVisualStudioVersion = 10.0.40219.1
Project("{2150E333-8FDC-42A3-9474-1A3956D46DE8}") = "src", "src", "{71C09624-020B-410E-A8FE-1FD216A1FE31}"
EndProject
Project("{2150E333-8FDC-42A3-9474-1A3956D46DE8}") = "test", "test", "{D06BDAE9-BE83-448F-8AD4-3044BB187C11}"
EndProject
Project("{2150E333-8FDC-42A3-9474-1A3956D46DE8}") = "Example Projects", "Example Projects", "{D3201F71-A289-4136-AC7E-E5204ACB9183}"
EndProject
Project("{9A19103F-16F7-4668-BE54-9A1E7A4F7556}") = "SendGrid", "src\SendGrid\SendGrid.csproj", "{377C20E4-2297-488F-933B-FB635C56D8FC}"
EndProject
Project("{9A19103F-16F7-4668-BE54-9A1E7A4F7556}") = "SendGrid.Tests", "tests\SendGrid.Tests\SendGrid.Tests.csproj", "{D89ADAEA-2BE8-49AC-B5BC-6EABBB2AE4E3}"
EndProject
Project("{9A19103F-16F7-4668-BE54-9A1E7A4F7556}") = "ExampleCoreProject", "ExampleCoreProject\ExampleCoreProject.csproj", "{4BD07A97-8AD2-4134-848E-6A74EB992050}"
EndProject
Project("{9A19103F-16F7-4668-BE54-9A1E7A4F7556}") = "ExampleNet45", "ExampleNet45Project\ExampleNet45.csproj", "{3B3F2699-F720-4498-8044-262EFE110A22}"
EndProject
Project("{9A19103F-16F7-4668-BE54-9A1E7A4F7556}") = "SendGrid.Extensions.DependencyInjection", "src\SendGrid.Extensions.DependencyInjection\SendGrid.Extensions.DependencyInjection.csproj", "{AF9D60DF-EF22-40FD-9C56-7E7F2BCB9683}"
EndProject
Project("{9A19103F-16F7-4668-BE54-9A1E7A4F7556}") = "SendGrid.Extensions.DependencyInjection.Tests", "tests\SendGrid.Extensions.DependencyInjection.Tests\SendGrid.Extensions.DependencyInjection.Tests.csproj", "{C65468A6-BDE2-4FD4-9400-B668B1395B26}"
EndProject
Project("{2150E333-8FDC-42A3-9474-1A3956D46DE8}") = "Solution Items", "Solution Items", "{CADBDC30-FD3E-4FBA-B8F0-D3B6A1874FB9}"
	ProjectSection(SolutionItems) = preProject
		.env_sample = .env_sample
		.gitignore = .gitignore
		.travis.yml = .travis.yml
		CHANGELOG.md = CHANGELOG.md
		CODE_OF_CONDUCT.md = CODE_OF_CONDUCT.md
		CONTRIBUTING.md = CONTRIBUTING.md
		Dockerfile = Dockerfile
		LICENSE.md = LICENSE.md
		Makefile = Makefile
		README.md = README.md
		TROUBLESHOOTING.md = TROUBLESHOOTING.md
		USAGE.md = USAGE.md
		USE_CASES.md = USE_CASES.md
	EndProjectSection
EndProject
Global
	GlobalSection(SolutionConfigurationPlatforms) = preSolution
		Debug|Any CPU = Debug|Any CPU
		Release|Any CPU = Release|Any CPU
	EndGlobalSection
	GlobalSection(ProjectConfigurationPlatforms) = postSolution
		{377C20E4-2297-488F-933B-FB635C56D8FC}.Debug|Any CPU.ActiveCfg = Debug|Any CPU
		{377C20E4-2297-488F-933B-FB635C56D8FC}.Debug|Any CPU.Build.0 = Debug|Any CPU
		{377C20E4-2297-488F-933B-FB635C56D8FC}.Release|Any CPU.ActiveCfg = Release|Any CPU
		{377C20E4-2297-488F-933B-FB635C56D8FC}.Release|Any CPU.Build.0 = Release|Any CPU
		{D89ADAEA-2BE8-49AC-B5BC-6EABBB2AE4E3}.Debug|Any CPU.ActiveCfg = Debug|Any CPU
		{D89ADAEA-2BE8-49AC-B5BC-6EABBB2AE4E3}.Debug|Any CPU.Build.0 = Debug|Any CPU
		{D89ADAEA-2BE8-49AC-B5BC-6EABBB2AE4E3}.Release|Any CPU.ActiveCfg = Release|Any CPU
		{D89ADAEA-2BE8-49AC-B5BC-6EABBB2AE4E3}.Release|Any CPU.Build.0 = Release|Any CPU
		{4BD07A97-8AD2-4134-848E-6A74EB992050}.Debug|Any CPU.ActiveCfg = Debug|Any CPU
		{4BD07A97-8AD2-4134-848E-6A74EB992050}.Debug|Any CPU.Build.0 = Debug|Any CPU
		{4BD07A97-8AD2-4134-848E-6A74EB992050}.Release|Any CPU.ActiveCfg = Release|Any CPU
		{4BD07A97-8AD2-4134-848E-6A74EB992050}.Release|Any CPU.Build.0 = Release|Any CPU
		{3B3F2699-F720-4498-8044-262EFE110A22}.Debug|Any CPU.ActiveCfg = Debug|Any CPU
		{3B3F2699-F720-4498-8044-262EFE110A22}.Debug|Any CPU.Build.0 = Debug|Any CPU
		{3B3F2699-F720-4498-8044-262EFE110A22}.Release|Any CPU.ActiveCfg = Release|Any CPU
		{3B3F2699-F720-4498-8044-262EFE110A22}.Release|Any CPU.Build.0 = Release|Any CPU
		{AF9D60DF-EF22-40FD-9C56-7E7F2BCB9683}.Debug|Any CPU.ActiveCfg = Debug|Any CPU
		{AF9D60DF-EF22-40FD-9C56-7E7F2BCB9683}.Debug|Any CPU.Build.0 = Debug|Any CPU
		{AF9D60DF-EF22-40FD-9C56-7E7F2BCB9683}.Release|Any CPU.ActiveCfg = Release|Any CPU
		{AF9D60DF-EF22-40FD-9C56-7E7F2BCB9683}.Release|Any CPU.Build.0 = Release|Any CPU
		{C65468A6-BDE2-4FD4-9400-B668B1395B26}.Debug|Any CPU.ActiveCfg = Debug|Any CPU
		{C65468A6-BDE2-4FD4-9400-B668B1395B26}.Debug|Any CPU.Build.0 = Debug|Any CPU
		{C65468A6-BDE2-4FD4-9400-B668B1395B26}.Release|Any CPU.ActiveCfg = Release|Any CPU
		{C65468A6-BDE2-4FD4-9400-B668B1395B26}.Release|Any CPU.Build.0 = Release|Any CPU
	EndGlobalSection
	GlobalSection(SolutionProperties) = preSolution
		HideSolutionNode = FALSE
	EndGlobalSection
	GlobalSection(NestedProjects) = preSolution
		{377C20E4-2297-488F-933B-FB635C56D8FC} = {71C09624-020B-410E-A8FE-1FD216A1FE31}
		{D89ADAEA-2BE8-49AC-B5BC-6EABBB2AE4E3} = {D06BDAE9-BE83-448F-8AD4-3044BB187C11}
		{4BD07A97-8AD2-4134-848E-6A74EB992050} = {D3201F71-A289-4136-AC7E-E5204ACB9183}
		{3B3F2699-F720-4498-8044-262EFE110A22} = {D3201F71-A289-4136-AC7E-E5204ACB9183}
		{AF9D60DF-EF22-40FD-9C56-7E7F2BCB9683} = {71C09624-020B-410E-A8FE-1FD216A1FE31}
		{C65468A6-BDE2-4FD4-9400-B668B1395B26} = {D06BDAE9-BE83-448F-8AD4-3044BB187C11}
	EndGlobalSection
	GlobalSection(ExtensibilityGlobals) = postSolution
		SolutionGuid = {CB90618B-6B7B-4D09-9D35-467325708BAA}
	EndGlobalSection
EndGlobal
