
Microsoft Visual Studio Solution File, Format Version 12.00
# Visual Studio 15
VisualStudioVersion = 15.0.26730.16
MinimumVisualStudioVersion = 10.0.40219.1
Project("{FAE04EC0-301F-11D3-BF4B-00C04F79EFBC}") = "SendGrid.ASPSamples", "SendGrid.ASPSamples\SendGrid.ASPSamples.csproj", "{14FA0F22-DFB2-4CE2-867A-242E75F64E1B}"
EndProject
Project("{FAE04EC0-301F-11D3-BF4B-00C04F79EFBC}") = "SendGrid.ASPWebFormsSamples", "SendGrid.ASPWebFormsSamples\SendGrid.ASPWebFormsSamples.csproj", "{0A24E647-5885-477C-A766-7385BCC6982E}"
EndProject
Global
	GlobalSection(SolutionConfigurationPlatforms) = preSolution
		Debug|Any CPU = Debug|Any CPU
		Release|Any CPU = Release|Any CPU
	EndGlobalSection
	GlobalSection(ProjectConfigurationPlatforms) = postSolution
		{14FA0F22-DFB2-4CE2-867A-242E75F64E1B}.Debug|Any CPU.ActiveCfg = Debug|Any CPU
		{14FA0F22-DFB2-4CE2-867A-242E75F64E1B}.Debug|Any CPU.Build.0 = Debug|Any CPU
		{14FA0F22-DFB2-4CE2-867A-242E75F64E1B}.Release|Any CPU.ActiveCfg = Release|Any CPU
		{14FA0F22-DFB2-4CE2-867A-242E75F64E1B}.Release|Any CPU.Build.0 = Release|Any CPU
		{0A24E647-5885-477C-A766-7385BCC6982E}.Debug|Any CPU.ActiveCfg = Debug|Any CPU
		{0A24E647-5885-477C-A766-7385BCC6982E}.Debug|Any CPU.Build.0 = Debug|Any CPU
		{0A24E647-5885-477C-A766-7385BCC6982E}.Release|Any CPU.ActiveCfg = Release|Any CPU
		{0A24E647-5885-477C-A766-7385BCC6982E}.Release|Any CPU.Build.0 = Release|Any CPU
	EndGlobalSection
	GlobalSection(SolutionProperties) = preSolution
		HideSolutionNode = FALSE
	EndGlobalSection
	GlobalSection(ExtensibilityGlobals) = postSolution
		SolutionGuid = {36445F8F-3714-4B6A-89DB-17DC0C001CF5}
	EndGlobalSection
EndGlobal
