
Microsoft Visual Studio Solution File, Format Version 12.00
# Visual Studio 15
VisualStudioVersion = 15.0.26124.0
MinimumVisualStudioVersion = 15.0.26124.0
Project("{2150E333-8FDC-42A3-9474-1A3956D46DE8}") = "Src", "Src", "{B08185CF-3F2E-4638-877B-587F5F60CA74}"
EndProject
Project("{FAE04EC0-301F-11D3-BF4B-00C04F79EFBC}") = "EventWebhook", "Src\EventWebhook\EventWebhook.csproj", "{3897C29A-AE26-4FE5-8421-71896EC935C5}"
EndProject
Project("{2150E333-8FDC-42A3-9474-1A3956D46DE8}") = "Tests", "Tests", "{81CAC535-9854-47AD-9D3E-385AC2668C35}"
EndProject
Project("{FAE04EC0-301F-11D3-BF4B-00C04F79EFBC}") = "EventWebhook.Tests", "Tests\EventWebhook.Tests\EventWebhook.Tests.csproj", "{5C6AA0EB-57B7-4E76-804A-70F7A7DF4FC0}"
EndProject
Global
	GlobalSection(SolutionConfigurationPlatforms) = preSolution
		Debug|Any CPU = Debug|Any CPU
		Debug|x64 = Debug|x64
		Debug|x86 = Debug|x86
		Release|Any CPU = Release|Any CPU
		Release|x64 = Release|x64
		Release|x86 = Release|x86
	EndGlobalSection
	GlobalSection(SolutionProperties) = preSolution
		HideSolutionNode = FALSE
	EndGlobalSection
	GlobalSection(ProjectConfigurationPlatforms) = postSolution
		{3897C29A-AE26-4FE5-8421-71896EC935C5}.Debug|Any CPU.ActiveCfg = Debug|Any CPU
		{3897C29A-AE26-4FE5-8421-71896EC935C5}.Debug|Any CPU.Build.0 = Debug|Any CPU
		{3897C29A-AE26-4FE5-8421-71896EC935C5}.Debug|x64.ActiveCfg = Debug|Any CPU
		{3897C29A-AE26-4FE5-8421-71896EC935C5}.Debug|x64.Build.0 = Debug|Any CPU
		{3897C29A-AE26-4FE5-8421-71896EC935C5}.Debug|x86.ActiveCfg = Debug|Any CPU
		{3897C29A-AE26-4FE5-8421-71896EC935C5}.Debug|x86.Build.0 = Debug|Any CPU
		{3897C29A-AE26-4FE5-8421-71896EC935C5}.Release|Any CPU.ActiveCfg = Release|Any CPU
		{3897C29A-AE26-4FE5-8421-71896EC935C5}.Release|Any CPU.Build.0 = Release|Any CPU
		{3897C29A-AE26-4FE5-8421-71896EC935C5}.Release|x64.ActiveCfg = Release|Any CPU
		{3897C29A-AE26-4FE5-8421-71896EC935C5}.Release|x64.Build.0 = Release|Any CPU
		{3897C29A-AE26-4FE5-8421-71896EC935C5}.Release|x86.ActiveCfg = Release|Any CPU
		{3897C29A-AE26-4FE5-8421-71896EC935C5}.Release|x86.Build.0 = Release|Any CPU
		{5C6AA0EB-57B7-4E76-804A-70F7A7DF4FC0}.Debug|Any CPU.ActiveCfg = Debug|Any CPU
		{5C6AA0EB-57B7-4E76-804A-70F7A7DF4FC0}.Debug|Any CPU.Build.0 = Debug|Any CPU
		{5C6AA0EB-57B7-4E76-804A-70F7A7DF4FC0}.Debug|x64.ActiveCfg = Debug|Any CPU
		{5C6AA0EB-57B7-4E76-804A-70F7A7DF4FC0}.Debug|x64.Build.0 = Debug|Any CPU
		{5C6AA0EB-57B7-4E76-804A-70F7A7DF4FC0}.Debug|x86.ActiveCfg = Debug|Any CPU
		{5C6AA0EB-57B7-4E76-804A-70F7A7DF4FC0}.Debug|x86.Build.0 = Debug|Any CPU
		{5C6AA0EB-57B7-4E76-804A-70F7A7DF4FC0}.Release|Any CPU.ActiveCfg = Release|Any CPU
		{5C6AA0EB-57B7-4E76-804A-70F7A7DF4FC0}.Release|Any CPU.Build.0 = Release|Any CPU
		{5C6AA0EB-57B7-4E76-804A-70F7A7DF4FC0}.Release|x64.ActiveCfg = Release|Any CPU
		{5C6AA0EB-57B7-4E76-804A-70F7A7DF4FC0}.Release|x64.Build.0 = Release|Any CPU
		{5C6AA0EB-57B7-4E76-804A-70F7A7DF4FC0}.Release|x86.ActiveCfg = Release|Any CPU
		{5C6AA0EB-57B7-4E76-804A-70F7A7DF4FC0}.Release|x86.Build.0 = Release|Any CPU
	EndGlobalSection
	GlobalSection(NestedProjects) = preSolution
		{3897C29A-AE26-4FE5-8421-71896EC935C5} = {B08185CF-3F2E-4638-877B-587F5F60CA74}
		{5C6AA0EB-57B7-4E76-804A-70F7A7DF4FC0} = {81CAC535-9854-47AD-9D3E-385AC2668C35}
	EndGlobalSection
EndGlobal
